
Microsoft Visual Studio Solution File, Format Version 12.00
# Visual Studio Version 16
VisualStudioVersion = 16.0.32929.386
MinimumVisualStudioVersion = 10.0.40219.1
Project("{FAE04EC0-301F-11D3-BF4B-00C04F79EFBC}") = "V7", "V7.csproj", "{4D35B456-8407-4ABA-B700-4A913B9A3236}"
EndProject
Global
	GlobalSection(SolutionConfigurationPlatforms) = preSolution
		Debug|Any CPU = Debug|Any CPU
		Release|Any CPU = Release|Any CPU
	EndGlobalSection
	GlobalSection(ProjectConfigurationPlatforms) = postSolution
		{4D35B456-8407-4ABA-B700-4A913B9A3236}.Debug|Any CPU.ActiveCfg = Debug|Any CPU
		{4D35B456-8407-4ABA-B700-4A913B9A3236}.Debug|Any CPU.Build.0 = Debug|Any CPU
		{4D35B456-8407-4ABA-B700-4A913B9A3236}.Release|Any CPU.ActiveCfg = Release|Any CPU
		{4D35B456-8407-4ABA-B700-4A913B9A3236}.Release|Any CPU.Build.0 = Release|Any CPU
	EndGlobalSection
	GlobalSection(SolutionProperties) = preSolution
		HideSolutionNode = FALSE
	EndGlobalSection
	GlobalSection(ExtensibilityGlobals) = postSolution
		SolutionGuid = {975B16C2-FDBF-43ED-9849-5095570A8B0D}
	EndGlobalSection
EndGlobal
