
Microsoft Visual Studio Solution File, Format Version 12.00
# Visual Studio Version 16
VisualStudioVersion = 16.0.32929.386
MinimumVisualStudioVersion = 10.0.40219.1
Project("{FAE04EC0-301F-11D3-BF4B-00C04F79EFBC}") = "V8", "V8.csproj", "{1D680A1E-1E94-42D8-BAF4-55CF530238F3}"
EndProject
Global
	GlobalSection(SolutionConfigurationPlatforms) = preSolution
		Debug|Any CPU = Debug|Any CPU
		Release|Any CPU = Release|Any CPU
	EndGlobalSection
	GlobalSection(ProjectConfigurationPlatforms) = postSolution
		{1D680A1E-1E94-42D8-BAF4-55CF530238F3}.Debug|Any CPU.ActiveCfg = Debug|Any CPU
		{1D680A1E-1E94-42D8-BAF4-55CF530238F3}.Debug|Any CPU.Build.0 = Debug|Any CPU
		{1D680A1E-1E94-42D8-BAF4-55CF530238F3}.Release|Any CPU.ActiveCfg = Release|Any CPU
		{1D680A1E-1E94-42D8-BAF4-55CF530238F3}.Release|Any CPU.Build.0 = Release|Any CPU
	EndGlobalSection
	GlobalSection(SolutionProperties) = preSolution
		HideSolutionNode = FALSE
	EndGlobalSection
	GlobalSection(ExtensibilityGlobals) = postSolution
		SolutionGuid = {E17021A1-1917-4F1A-A808-1FD8BA31B3DA}
	EndGlobalSection
EndGlobal
